
Microsoft Visual Studio Solution File, Format Version 12.00
# Visual Studio 15
VisualStudioVersion = 15.0.28307.572
MinimumVisualStudioVersion = 10.0.40219.1
Project("{FAE04EC0-301F-11D3-BF4B-00C04F79EFBC}") = "739668", "739668\739668.csproj", "{59A9F9CE-FC40-45FF-AAE2-130942935BB9}"
EndProject
Global
	GlobalSection(SolutionConfigurationPlatforms) = preSolution
		Debug|Any CPU = Debug|Any CPU
		Release|Any CPU = Release|Any CPU
	EndGlobalSection
	GlobalSection(ProjectConfigurationPlatforms) = postSolution
		{59A9F9CE-FC40-45FF-AAE2-130942935BB9}.Debug|Any CPU.ActiveCfg = Debug|Any CPU
		{59A9F9CE-FC40-45FF-AAE2-130942935BB9}.Debug|Any CPU.Build.0 = Debug|Any CPU
		{59A9F9CE-FC40-45FF-AAE2-130942935BB9}.Release|Any CPU.ActiveCfg = Release|Any CPU
		{59A9F9CE-FC40-45FF-AAE2-130942935BB9}.Release|Any CPU.Build.0 = Release|Any CPU
	EndGlobalSection
	GlobalSection(SolutionProperties) = preSolution
		HideSolutionNode = FALSE
	EndGlobalSection
	GlobalSection(ExtensibilityGlobals) = postSolution
		SolutionGuid = {17EE903B-F5B9-40D4-A741-B3E9AC11740A}
	EndGlobalSection
EndGlobal
